
Microsoft Visual Studio Solution File, Format Version 12.00
# Visual Studio Version 17
VisualStudioVersion = 17.0.31903.59
MinimumVisualStudioVersion = 10.0.40219.1
Project("{FAE04EC0-301F-11D3-BF4B-00C04F79EFBC}") = "Spaartje.Web", "Spaartje.Web\Spaartje.Web.csproj", "{D8CDB72E-0343-4E25-93E7-64868AA6427A}"
EndProject
Project("{FAE04EC0-301F-11D3-BF4B-00C04F79EFBC}") = "Spaartje.BLL", "Spaartje.BLL\Spaartje.BLL.csproj", "{261DAA6D-20C4-4D65-853F-2B3A7A6D776E}"
EndProject
Project("{FAE04EC0-301F-11D3-BF4B-00C04F79EFBC}") = "Spaartje.DAL", "Spaartje.DAL\Spaartje.DAL.csproj", "{72761690-B613-42DA-BF58-9506133B4128}"
EndProject
Project("{FAE04EC0-301F-11D3-BF4B-00C04F79EFBC}") = "Spaartje.Domain", "Spaartje.Domain\Spaartje.Domain.csproj", "{7264F89F-0559-44F9-8345-0ACCE54D8919}"
EndProject
Global
	GlobalSection(SolutionConfigurationPlatforms) = preSolution
		Debug|Any CPU = Debug|Any CPU
		Debug|x64 = Debug|x64
		Debug|x86 = Debug|x86
		Release|Any CPU = Release|Any CPU
		Release|x64 = Release|x64
		Release|x86 = Release|x86
	EndGlobalSection
	GlobalSection(ProjectConfigurationPlatforms) = postSolution
		{D8CDB72E-0343-4E25-93E7-64868AA6427A}.Debug|Any CPU.ActiveCfg = Debug|Any CPU
		{D8CDB72E-0343-4E25-93E7-64868AA6427A}.Debug|Any CPU.Build.0 = Debug|Any CPU
		{D8CDB72E-0343-4E25-93E7-64868AA6427A}.Debug|x64.ActiveCfg = Debug|Any CPU
		{D8CDB72E-0343-4E25-93E7-64868AA6427A}.Debug|x64.Build.0 = Debug|Any CPU
		{D8CDB72E-0343-4E25-93E7-64868AA6427A}.Debug|x86.ActiveCfg = Debug|Any CPU
		{D8CDB72E-0343-4E25-93E7-64868AA6427A}.Debug|x86.Build.0 = Debug|Any CPU
		{D8CDB72E-0343-4E25-93E7-64868AA6427A}.Release|Any CPU.ActiveCfg = Release|Any CPU
		{D8CDB72E-0343-4E25-93E7-64868AA6427A}.Release|Any CPU.Build.0 = Release|Any CPU
		{D8CDB72E-0343-4E25-93E7-64868AA6427A}.Release|x64.ActiveCfg = Release|Any CPU
		{D8CDB72E-0343-4E25-93E7-64868AA6427A}.Release|x64.Build.0 = Release|Any CPU
		{D8CDB72E-0343-4E25-93E7-64868AA6427A}.Release|x86.ActiveCfg = Release|Any CPU
		{D8CDB72E-0343-4E25-93E7-64868AA6427A}.Release|x86.Build.0 = Release|Any CPU
		{261DAA6D-20C4-4D65-853F-2B3A7A6D776E}.Debug|Any CPU.ActiveCfg = Debug|Any CPU
		{261DAA6D-20C4-4D65-853F-2B3A7A6D776E}.Debug|Any CPU.Build.0 = Debug|Any CPU
		{261DAA6D-20C4-4D65-853F-2B3A7A6D776E}.Debug|x64.ActiveCfg = Debug|Any CPU
		{261DAA6D-20C4-4D65-853F-2B3A7A6D776E}.Debug|x64.Build.0 = Debug|Any CPU
		{261DAA6D-20C4-4D65-853F-2B3A7A6D776E}.Debug|x86.ActiveCfg = Debug|Any CPU
		{261DAA6D-20C4-4D65-853F-2B3A7A6D776E}.Debug|x86.Build.0 = Debug|Any CPU
		{261DAA6D-20C4-4D65-853F-2B3A7A6D776E}.Release|Any CPU.ActiveCfg = Release|Any CPU
		{261DAA6D-20C4-4D65-853F-2B3A7A6D776E}.Release|Any CPU.Build.0 = Release|Any CPU
		{261DAA6D-20C4-4D65-853F-2B3A7A6D776E}.Release|x64.ActiveCfg = Release|Any CPU
		{261DAA6D-20C4-4D65-853F-2B3A7A6D776E}.Release|x64.Build.0 = Release|Any CPU
		{261DAA6D-20C4-4D65-853F-2B3A7A6D776E}.Release|x86.ActiveCfg = Release|Any CPU
		{261DAA6D-20C4-4D65-853F-2B3A7A6D776E}.Release|x86.Build.0 = Release|Any CPU
		{72761690-B613-42DA-BF58-9506133B4128}.Debug|Any CPU.ActiveCfg = Debug|Any CPU
		{72761690-B613-42DA-BF58-9506133B4128}.Debug|Any CPU.Build.0 = Debug|Any CPU
		{72761690-B613-42DA-BF58-9506133B4128}.Debug|x64.ActiveCfg = Debug|Any CPU
		{72761690-B613-42DA-BF58-9506133B4128}.Debug|x64.Build.0 = Debug|Any CPU
		{72761690-B613-42DA-BF58-9506133B4128}.Debug|x86.ActiveCfg = Debug|Any CPU
		{72761690-B613-42DA-BF58-9506133B4128}.Debug|x86.Build.0 = Debug|Any CPU
		{72761690-B613-42DA-BF58-9506133B4128}.Release|Any CPU.ActiveCfg = Release|Any CPU
		{72761690-B613-42DA-BF58-9506133B4128}.Release|Any CPU.Build.0 = Release|Any CPU
		{72761690-B613-42DA-BF58-9506133B4128}.Release|x64.ActiveCfg = Release|Any CPU
		{72761690-B613-42DA-BF58-9506133B4128}.Release|x64.Build.0 = Release|Any CPU
		{72761690-B613-42DA-BF58-9506133B4128}.Release|x86.ActiveCfg = Release|Any CPU
		{72761690-B613-42DA-BF58-9506133B4128}.Release|x86.Build.0 = Release|Any CPU
		{7264F89F-0559-44F9-8345-0ACCE54D8919}.Debug|Any CPU.ActiveCfg = Debug|Any CPU
		{7264F89F-0559-44F9-8345-0ACCE54D8919}.Debug|Any CPU.Build.0 = Debug|Any CPU
		{7264F89F-0559-44F9-8345-0ACCE54D8919}.Debug|x64.ActiveCfg = Debug|Any CPU
		{7264F89F-0559-44F9-8345-0ACCE54D8919}.Debug|x64.Build.0 = Debug|Any CPU
		{7264F89F-0559-44F9-8345-0ACCE54D8919}.Debug|x86.ActiveCfg = Debug|Any CPU
		{7264F89F-0559-44F9-8345-0ACCE54D8919}.Debug|x86.Build.0 = Debug|Any CPU
		{7264F89F-0559-44F9-8345-0ACCE54D8919}.Release|Any CPU.ActiveCfg = Release|Any CPU
		{7264F89F-0559-44F9-8345-0ACCE54D8919}.Release|Any CPU.Build.0 = Release|Any CPU
		{7264F89F-0559-44F9-8345-0ACCE54D8919}.Release|x64.ActiveCfg = Release|Any CPU
		{7264F89F-0559-44F9-8345-0ACCE54D8919}.Release|x64.Build.0 = Release|Any CPU
		{7264F89F-0559-44F9-8345-0ACCE54D8919}.Release|x86.ActiveCfg = Release|Any CPU
		{7264F89F-0559-44F9-8345-0ACCE54D8919}.Release|x86.Build.0 = Release|Any CPU
	EndGlobalSection
	GlobalSection(SolutionProperties) = preSolution
		HideSolutionNode = FALSE
	EndGlobalSection
EndGlobal
